
Microsoft Visual Studio Solution File, Format Version 12.00
# Visual Studio Version 17
VisualStudioVersion = 17.10.34607.79
MinimumVisualStudioVersion = 10.0.40219.1
Project("{FAE04EC0-301F-11D3-BF4B-00C04F79EFBC}") = "PlayZoneSV", "PlayZoneSV.csproj", "{5071A843-9D0B-455C-AA68-E1C93C5089F1}"
EndProject
Global
	GlobalSection(SolutionConfigurationPlatforms) = preSolution
		Debug|Any CPU = Debug|Any CPU
		Release|Any CPU = Release|Any CPU
	EndGlobalSection
	GlobalSection(ProjectConfigurationPlatforms) = postSolution
		{5071A843-9D0B-455C-AA68-E1C93C5089F1}.Debug|Any CPU.ActiveCfg = Debug|Any CPU
		{5071A843-9D0B-455C-AA68-E1C93C5089F1}.Debug|Any CPU.Build.0 = Debug|Any CPU
		{5071A843-9D0B-455C-AA68-E1C93C5089F1}.Release|Any CPU.ActiveCfg = Release|Any CPU
		{5071A843-9D0B-455C-AA68-E1C93C5089F1}.Release|Any CPU.Build.0 = Release|Any CPU
	EndGlobalSection
	GlobalSection(SolutionProperties) = preSolution
		HideSolutionNode = FALSE
	EndGlobalSection
	GlobalSection(ExtensibilityGlobals) = postSolution
		SolutionGuid = {02F6E88B-940D-4887-A108-ED2B0DEE369A}
	EndGlobalSection
EndGlobal
